// !$*UTF8*$!
{
	archiveVersion = 1;
	classes = {
	};
	objectVersion = 56;
	objects = {

/* Begin PBXBuildFile section */
		8E9382352A63B88C0043600A /* AppDelegate.swift in Sources */ = {isa = PBXBuildFile; fileRef = 8E9382342A63B88C0043600A /* AppDelegate.swift */; };
		8E9382372A63B88C0043600A /* SceneDelegate.swift in Sources */ = {isa = PBXBuildFile; fileRef = 8E9382362A63B88C0043600A /* SceneDelegate.swift */; };
		8E93823E2A63B88E0043600A /* Assets.xcassets in Resources */ = {isa = PBXBuildFile; fileRef = 8E93823D2A63B88E0043600A /* Assets.xcassets */; };
		8E93824F2A63C0830043600A /* LoginViewController.swift in Sources */ = {isa = PBXBuildFile; fileRef = 8E93824E2A63C0830043600A /* LoginViewController.swift */; };
		8E9382512A63C0920043600A /* RegisterViewController.swift in Sources */ = {isa = PBXBuildFile; fileRef = 8E9382502A63C0920043600A /* RegisterViewController.swift */; };
		8E9382532A63C0B20043600A /* PhotoViewerViewController.swift in Sources */ = {isa = PBXBuildFile; fileRef = 8E9382522A63C0B20043600A /* PhotoViewerViewController.swift */; };
		8E9382552A63C0C60043600A /* VideoPlayerViewController.swift in Sources */ = {isa = PBXBuildFile; fileRef = 8E9382542A63C0C60043600A /* VideoPlayerViewController.swift */; };
		8E9382572A63C1580043600A /* NewConversationViewController.swift in Sources */ = {isa = PBXBuildFile; fileRef = 8E9382562A63C1580043600A /* NewConversationViewController.swift */; };
		8E9382592A63C16A0043600A /* ProfileViewController.swift in Sources */ = {isa = PBXBuildFile; fileRef = 8E9382582A63C16A0043600A /* ProfileViewController.swift */; };
		8EB698A92A67FE7E00BAD1D2 /* Main.storyboard in Resources */ = {isa = PBXBuildFile; fileRef = 8EB698A82A67FE7E00BAD1D2 /* Main.storyboard */; };
		8EB698AB2A67FF2500BAD1D2 /* ConversationsViewController.swift in Sources */ = {isa = PBXBuildFile; fileRef = 8EB698AA2A67FF2500BAD1D2 /* ConversationsViewController.swift */; };
		8EB698AD2A6835B800BAD1D2 /* Extensions.swift in Sources */ = {isa = PBXBuildFile; fileRef = 8EB698AC2A6835B800BAD1D2 /* Extensions.swift */; };
/* End PBXBuildFile section */

/* Begin PBXFileReference section */
		8E9382312A63B88C0043600A /* Messenger.app */ = {isa = PBXFileReference; explicitFileType = wrapper.application; includeInIndex = 0; path = Messenger.app; sourceTree = BUILT_PRODUCTS_DIR; };
		8E9382342A63B88C0043600A /* AppDelegate.swift */ = {isa = PBXFileReference; lastKnownFileType = sourcecode.swift; path = AppDelegate.swift; sourceTree = "<group>"; };
		8E9382362A63B88C0043600A /* SceneDelegate.swift */ = {isa = PBXFileReference; lastKnownFileType = sourcecode.swift; path = SceneDelegate.swift; sourceTree = "<group>"; };
		8E93823D2A63B88E0043600A /* Assets.xcassets */ = {isa = PBXFileReference; lastKnownFileType = folder.assetcatalog; path = Assets.xcassets; sourceTree = "<group>"; };
		8E9382422A63B88E0043600A /* Info.plist */ = {isa = PBXFileReference; lastKnownFileType = text.plist.xml; path = Info.plist; sourceTree = "<group>"; };
		8E93824E2A63C0830043600A /* LoginViewController.swift */ = {isa = PBXFileReference; lastKnownFileType = sourcecode.swift; path = LoginViewController.swift; sourceTree = "<group>"; };
		8E9382502A63C0920043600A /* RegisterViewController.swift */ = {isa = PBXFileReference; lastKnownFileType = sourcecode.swift; path = RegisterViewController.swift; sourceTree = "<group>"; };
		8E9382522A63C0B20043600A /* PhotoViewerViewController.swift */ = {isa = PBXFileReference; lastKnownFileType = sourcecode.swift; path = PhotoViewerViewController.swift; sourceTree = "<group>"; };
		8E9382542A63C0C60043600A /* VideoPlayerViewController.swift */ = {isa = PBXFileReference; lastKnownFileType = sourcecode.swift; path = VideoPlayerViewController.swift; sourceTree = "<group>"; };
		8E9382562A63C1580043600A /* NewConversationViewController.swift */ = {isa = PBXFileReference; lastKnownFileType = sourcecode.swift; path = NewConversationViewController.swift; sourceTree = "<group>"; };
		8E9382582A63C16A0043600A /* ProfileViewController.swift */ = {isa = PBXFileReference; lastKnownFileType = sourcecode.swift; path = ProfileViewController.swift; sourceTree = "<group>"; };
		8EB698A82A67FE7E00BAD1D2 /* Main.storyboard */ = {isa = PBXFileReference; lastKnownFileType = file.storyboard; name = Main.storyboard; path = ../../Resources/Main.storyboard; sourceTree = "<group>"; };
		8EB698AA2A67FF2500BAD1D2 /* ConversationsViewController.swift */ = {isa = PBXFileReference; lastKnownFileType = sourcecode.swift; path = ConversationsViewController.swift; sourceTree = "<group>"; };
		8EB698AC2A6835B800BAD1D2 /* Extensions.swift */ = {isa = PBXFileReference; lastKnownFileType = sourcecode.swift; path = Extensions.swift; sourceTree = "<group>"; };
/* End PBXFileReference section */

/* Begin PBXFrameworksBuildPhase section */
		8E93822E2A63B88C0043600A /* Frameworks */ = {
			isa = PBXFrameworksBuildPhase;
			buildActionMask = 2147483647;
			files = (
			);
			runOnlyForDeploymentPostprocessing = 0;
		};
/* End PBXFrameworksBuildPhase section */

/* Begin PBXGroup section */
		8E9382282A63B88C0043600A = {
			isa = PBXGroup;
			children = (
				8E9382332A63B88C0043600A /* Messenger */,
				8E9382322A63B88C0043600A /* Products */,
			);
			sourceTree = "<group>";
		};
		8E9382322A63B88C0043600A /* Products */ = {
			isa = PBXGroup;
			children = (
				8E9382312A63B88C0043600A /* Messenger.app */,
			);
			name = Products;
			sourceTree = "<group>";
		};
		8E9382332A63B88C0043600A /* Messenger */ = {
			isa = PBXGroup;
			children = (
				8E93824C2A63BDF60043600A /* Resources */,
				8E93824B2A63BDF40043600A /* ViewModels */,
				8E93824A2A63BDF10043600A /* Models */,
				8E9382492A63BDBF0043600A /* Views */,
				8E9382482A63BDBB0043600A /* Controllers */,
				8E9382422A63B88E0043600A /* Info.plist */,
			);
			path = Messenger;
			sourceTree = "<group>";
		};
		8E9382482A63BDBB0043600A /* Controllers */ = {
			isa = PBXGroup;
			children = (
				8EB698AA2A67FF2500BAD1D2 /* ConversationsViewController.swift */,
				8ECEDE602A67DC790057F610 /* Login */,
				8E9382522A63C0B20043600A /* PhotoViewerViewController.swift */,
				8E9382542A63C0C60043600A /* VideoPlayerViewController.swift */,
				8E9382562A63C1580043600A /* NewConversationViewController.swift */,
				8E9382582A63C16A0043600A /* ProfileViewController.swift */,
			);
			path = Controllers;
			sourceTree = "<group>";
		};
		8E9382492A63BDBF0043600A /* Views */ = {
			isa = PBXGroup;
			children = (
				8E93824D2A63BEDC0043600A /* Storyboards */,
				8E93823D2A63B88E0043600A /* Assets.xcassets */,
			);
			path = Views;
			sourceTree = "<group>";
		};
		8E93824A2A63BDF10043600A /* Models */ = {
			isa = PBXGroup;
			children = (
			);
			path = Models;
			sourceTree = "<group>";
		};
		8E93824B2A63BDF40043600A /* ViewModels */ = {
			isa = PBXGroup;
			children = (
			);
			path = ViewModels;
			sourceTree = "<group>";
		};
		8E93824C2A63BDF60043600A /* Resources */ = {
			isa = PBXGroup;
			children = (
				8E9382342A63B88C0043600A /* AppDelegate.swift */,
				8E9382362A63B88C0043600A /* SceneDelegate.swift */,
				8EB698AC2A6835B800BAD1D2 /* Extensions.swift */,
			);
			path = Resources;
			sourceTree = "<group>";
		};
		8E93824D2A63BEDC0043600A /* Storyboards */ = {
			isa = PBXGroup;
			children = (
				8EB698A82A67FE7E00BAD1D2 /* Main.storyboard */,
			);
			path = Storyboards;
			sourceTree = "<group>";
		};
		8ECEDE602A67DC790057F610 /* Login */ = {
			isa = PBXGroup;
			children = (
				8E93824E2A63C0830043600A /* LoginViewController.swift */,
				8E9382502A63C0920043600A /* RegisterViewController.swift */,
			);
			path = Login;
			sourceTree = "<group>";
		};
/* End PBXGroup section */

/* Begin PBXNativeTarget section */
		8E9382302A63B88C0043600A /* Messenger */ = {
			isa = PBXNativeTarget;
			buildConfigurationList = 8E9382452A63B88E0043600A /* Build configuration list for PBXNativeTarget "Messenger" */;
			buildPhases = (
				8E93822D2A63B88C0043600A /* Sources */,
				8E93822E2A63B88C0043600A /* Frameworks */,
				8E93822F2A63B88C0043600A /* Resources */,
			);
			buildRules = (
			);
			dependencies = (
			);
			name = Messenger;
			productName = Messenger;
			productReference = 8E9382312A63B88C0043600A /* Messenger.app */;
			productType = "com.apple.product-type.application";
		};
/* End PBXNativeTarget section */

/* Begin PBXProject section */
		8E9382292A63B88C0043600A /* Project object */ = {
			isa = PBXProject;
			attributes = {
				BuildIndependentTargetsInParallel = 1;
				LastSwiftUpdateCheck = 1430;
				LastUpgradeCheck = 1430;
				TargetAttributes = {
					8E9382302A63B88C0043600A = {
						CreatedOnToolsVersion = 14.3;
					};
				};
			};
			buildConfigurationList = 8E93822C2A63B88C0043600A /* Build configuration list for PBXProject "Messenger" */;
			compatibilityVersion = "Xcode 14.0";
			developmentRegion = en;
			hasScannedForEncodings = 0;
			knownRegions = (
				en,
				Base,
			);
			mainGroup = 8E9382282A63B88C0043600A;
			productRefGroup = 8E9382322A63B88C0043600A /* Products */;
			projectDirPath = "";
			projectRoot = "";
			targets = (
				8E9382302A63B88C0043600A /* Messenger */,
			);
		};
/* End PBXProject section */

/* Begin PBXResourcesBuildPhase section */
		8E93822F2A63B88C0043600A /* Resources */ = {
			isa = PBXResourcesBuildPhase;
			buildActionMask = 2147483647;
			files = (
				8E93823E2A63B88E0043600A /* Assets.xcassets in Resources */,
				8EB698A92A67FE7E00BAD1D2 /* Main.storyboard in Resources */,
			);
			runOnlyForDeploymentPostprocessing = 0;
		};
/* End PBXResourcesBuildPhase section */

/* Begin PBXSourcesBuildPhase section */
		8E93822D2A63B88C0043600A /* Sources */ = {
			isa = PBXSourcesBuildPhase;
			buildActionMask = 2147483647;
			files = (
				8E93824F2A63C0830043600A /* LoginViewController.swift in Sources */,
				8E9382512A63C0920043600A /* RegisterViewController.swift in Sources */,
				8E9382572A63C1580043600A /* NewConversationViewController.swift in Sources */,
				8E9382552A63C0C60043600A /* VideoPlayerViewController.swift in Sources */,
				8E9382352A63B88C0043600A /* AppDelegate.swift in Sources */,
				8EB698AD2A6835B800BAD1D2 /* Extensions.swift in Sources */,
				8E9382592A63C16A0043600A /* ProfileViewController.swift in Sources */,
				8EB698AB2A67FF2500BAD1D2 /* ConversationsViewController.swift in Sources */,
				8E9382372A63B88C0043600A /* SceneDelegate.swift in Sources */,
				8E9382532A63C0B20043600A /* PhotoViewerViewController.swift in Sources */,
			);
			runOnlyForDeploymentPostprocessing = 0;
		};
/* End PBXSourcesBuildPhase section */

/* Begin XCBuildConfiguration section */
		8E9382432A63B88E0043600A /* Debug */ = {
			isa = XCBuildConfiguration;
			buildSettings = {
				ALWAYS_SEARCH_USER_PATHS = NO;
				CLANG_ANALYZER_NONNULL = YES;
				CLANG_ANALYZER_NUMBER_OBJECT_CONVERSION = YES_AGGRESSIVE;
				CLANG_CXX_LANGUAGE_STANDARD = "gnu++20";
				CLANG_ENABLE_MODULES = YES;
				CLANG_ENABLE_OBJC_ARC = YES;
				CLANG_ENABLE_OBJC_WEAK = YES;
				CLANG_WARN_BLOCK_CAPTURE_AUTORELEASING = YES;
				CLANG_WARN_BOOL_CONVERSION = YES;
				CLANG_WARN_COMMA = YES;
				CLANG_WARN_CONSTANT_CONVERSION = YES;
				CLANG_WARN_DEPRECATED_OBJC_IMPLEMENTATIONS = YES;
				CLANG_WARN_DIRECT_OBJC_ISA_USAGE = YES_ERROR;
				CLANG_WARN_DOCUMENTATION_COMMENTS = YES;
				CLANG_WARN_EMPTY_BODY = YES;
				CLANG_WARN_ENUM_CONVERSION = YES;
				CLANG_WARN_INFINITE_RECURSION = YES;
				CLANG_WARN_INT_CONVERSION = YES;
				CLANG_WARN_NON_LITERAL_NULL_CONVERSION = YES;
				CLANG_WARN_OBJC_IMPLICIT_RETAIN_SELF = YES;
				CLANG_WARN_OBJC_LITERAL_CONVERSION = YES;
				CLANG_WARN_OBJC_ROOT_CLASS = YES_ERROR;
				CLANG_WARN_QUOTED_INCLUDE_IN_FRAMEWORK_HEADER = YES;
				CLANG_WARN_RANGE_LOOP_ANALYSIS = YES;
				CLANG_WARN_STRICT_PROTOTYPES = YES;
				CLANG_WARN_SUSPICIOUS_MOVE = YES;
				CLANG_WARN_UNGUARDED_AVAILABILITY = YES_AGGRESSIVE;
				CLANG_WARN_UNREACHABLE_CODE = YES;
				CLANG_WARN__DUPLICATE_METHOD_MATCH = YES;
				COPY_PHASE_STRIP = NO;
				DEBUG_INFORMATION_FORMAT = dwarf;
				ENABLE_STRICT_OBJC_MSGSEND = YES;
				ENABLE_TESTABILITY = YES;
				GCC_C_LANGUAGE_STANDARD = gnu11;
				GCC_DYNAMIC_NO_PIC = NO;
				GCC_NO_COMMON_BLOCKS = YES;
				GCC_OPTIMIZATION_LEVEL = 0;
				GCC_PREPROCESSOR_DEFINITIONS = (
					"DEBUG=1",
					"$(inherited)",
				);
				GCC_WARN_64_TO_32_BIT_CONVERSION = YES;
				GCC_WARN_ABOUT_RETURN_TYPE = YES_ERROR;
				GCC_WARN_UNDECLARED_SELECTOR = YES;
				GCC_WARN_UNINITIALIZED_AUTOS = YES_AGGRESSIVE;
				GCC_WARN_UNUSED_FUNCTION = YES;
				GCC_WARN_UNUSED_VARIABLE = YES;
				IPHONEOS_DEPLOYMENT_TARGET = 16.4;
				MTL_ENABLE_DEBUG_INFO = INCLUDE_SOURCE;
				MTL_FAST_MATH = YES;
				ONLY_ACTIVE_ARCH = YES;
				SDKROOT = iphoneos;
				SWIFT_ACTIVE_COMPILATION_CONDITIONS = DEBUG;
				SWIFT_OPTIMIZATION_LEVEL = "-Onone";
			};
			name = Debug;
		};
		8E9382442A63B88E0043600A /* Release */ = {
			isa = XCBuildConfiguration;
			buildSettings = {
				ALWAYS_SEARCH_USER_PATHS = NO;
				CLANG_ANALYZER_NONNULL = YES;
				CLANG_ANALYZER_NUMBER_OBJECT_CONVERSION = YES_AGGRESSIVE;
				CLANG_CXX_LANGUAGE_STANDARD = "gnu++20";
				CLANG_ENABLE_MODULES = YES;
				CLANG_ENABLE_OBJC_ARC = YES;
				CLANG_ENABLE_OBJC_WEAK = YES;
				CLANG_WARN_BLOCK_CAPTURE_AUTORELEASING = YES;
				CLANG_WARN_BOOL_CONVERSION = YES;
				CLANG_WARN_COMMA = YES;
				CLANG_WARN_CONSTANT_CONVERSION = YES;
				CLANG_WARN_DEPRECATED_OBJC_IMPLEMENTATIONS = YES;
				CLANG_WARN_DIRECT_OBJC_ISA_USAGE = YES_ERROR;
				CLANG_WARN_DOCUMENTATION_COMMENTS = YES;
				CLANG_WARN_EMPTY_BODY = YES;
				CLANG_WARN_ENUM_CONVERSION = YES;
				CLANG_WARN_INFINITE_RECURSION = YES;
				CLANG_WARN_INT_CONVERSION = YES;
				CLANG_WARN_NON_LITERAL_NULL_CONVERSION = YES;
				CLANG_WARN_OBJC_IMPLICIT_RETAIN_SELF = YES;
				CLANG_WARN_OBJC_LITERAL_CONVERSION = YES;
				CLANG_WARN_OBJC_ROOT_CLASS = YES_ERROR;
				CLANG_WARN_QUOTED_INCLUDE_IN_FRAMEWORK_HEADER = YES;
				CLANG_WARN_RANGE_LOOP_ANALYSIS = YES;
				CLANG_WARN_STRICT_PROTOTYPES = YES;
				CLANG_WARN_SUSPICIOUS_MOVE = YES;
				CLANG_WARN_UNGUARDED_AVAILABILITY = YES_AGGRESSIVE;
				CLANG_WARN_UNREACHABLE_CODE = YES;
				CLANG_WARN__DUPLICATE_METHOD_MATCH = YES;
				COPY_PHASE_STRIP = NO;
				DEBUG_INFORMATION_FORMAT = "dwarf-with-dsym";
				ENABLE_NS_ASSERTIONS = NO;
				ENABLE_STRICT_OBJC_MSGSEND = YES;
				GCC_C_LANGUAGE_STANDARD = gnu11;
				GCC_NO_COMMON_BLOCKS = YES;
				GCC_WARN_64_TO_32_BIT_CONVERSION = YES;
				GCC_WARN_ABOUT_RETURN_TYPE = YES_ERROR;
				GCC_WARN_UNDECLARED_SELECTOR = YES;
				GCC_WARN_UNINITIALIZED_AUTOS = YES_AGGRESSIVE;
				GCC_WARN_UNUSED_FUNCTION = YES;
				GCC_WARN_UNUSED_VARIABLE = YES;
				IPHONEOS_DEPLOYMENT_TARGET = 16.4;
				MTL_ENABLE_DEBUG_INFO = NO;
				MTL_FAST_MATH = YES;
				SDKROOT = iphoneos;
				SWIFT_COMPILATION_MODE = wholemodule;
				SWIFT_OPTIMIZATION_LEVEL = "-O";
				VALIDATE_PRODUCT = YES;
			};
			name = Release;
		};
		8E9382462A63B88E0043600A /* Debug */ = {
			isa = XCBuildConfiguration;
			buildSettings = {
				ASSETCATALOG_COMPILER_APPICON_NAME = AppIcon;
				ASSETCATALOG_COMPILER_GLOBAL_ACCENT_COLOR_NAME = AccentColor;
				CODE_SIGN_STYLE = Automatic;
				CURRENT_PROJECT_VERSION = 1;
				DEVELOPMENT_TEAM = 3F2Z838S3A;
				GENERATE_INFOPLIST_FILE = YES;
				INFOPLIST_FILE = Messenger/Info.plist;
				INFOPLIST_KEY_UIApplicationSupportsIndirectInputEvents = YES;
				INFOPLIST_KEY_UILaunchStoryboardName = Main.storyboard;
				INFOPLIST_KEY_UIMainStoryboardFile = Main;
				INFOPLIST_KEY_UISupportedInterfaceOrientations = UIInterfaceOrientationPortrait;
				LD_RUNPATH_SEARCH_PATHS = (
					"$(inherited)",
					"@executable_path/Frameworks",
				);
				MARKETING_VERSION = 1.0;
				PRODUCT_BUNDLE_IDENTIFIER = iosacademy.Messenger;
				PRODUCT_NAME = "$(TARGET_NAME)";
				SWIFT_EMIT_LOC_STRINGS = YES;
				SWIFT_VERSION = 5.0;
				TARGETED_DEVICE_FAMILY = "1,2";
			};
			name = Debug;
		};
		8E9382472A63B88E0043600A /* Release */ = {
			isa = XCBuildConfiguration;
			buildSettings = {
				ASSETCATALOG_COMPILER_APPICON_NAME = AppIcon;
				ASSETCATALOG_COMPILER_GLOBAL_ACCENT_COLOR_NAME = AccentColor;
				CODE_SIGN_STYLE = Automatic;
				CURRENT_PROJECT_VERSION = 1;
				DEVELOPMENT_TEAM = 3F2Z838S3A;
				GENERATE_INFOPLIST_FILE = YES;
				INFOPLIST_FILE = Messenger/Info.plist;
				INFOPLIST_KEY_UIApplicationSupportsIndirectInputEvents = YES;
				INFOPLIST_KEY_UILaunchStoryboardName = Main.storyboard;
				INFOPLIST_KEY_UIMainStoryboardFile = Main;
				INFOPLIST_KEY_UISupportedInterfaceOrientations = UIInterfaceOrientationPortrait;
				LD_RUNPATH_SEARCH_PATHS = (
					"$(inherited)",
					"@executable_path/Frameworks",
				);
				MARKETING_VERSION = 1.0;
				PRODUCT_BUNDLE_IDENTIFIER = iosacademy.Messenger;
				PRODUCT_NAME = "$(TARGET_NAME)";
				SWIFT_EMIT_LOC_STRINGS = YES;
				SWIFT_VERSION = 5.0;
				TARGETED_DEVICE_FAMILY = "1,2";
			};
			name = Release;
		};
/* End XCBuildConfiguration section */

/* Begin XCConfigurationList section */
		8E93822C2A63B88C0043600A /* Build configuration list for PBXProject "Messenger" */ = {
			isa = XCConfigurationList;
			buildConfigurations = (
				8E9382432A63B88E0043600A /* Debug */,
				8E9382442A63B88E0043600A /* Release */,
			);
			defaultConfigurationIsVisible = 0;
			defaultConfigurationName = Release;
		};
		8E9382452A63B88E0043600A /* Build configuration list for PBXNativeTarget "Messenger" */ = {
			isa = XCConfigurationList;
			buildConfigurations = (
				8E9382462A63B88E0043600A /* Debug */,
				8E9382472A63B88E0043600A /* Release */,
			);
			defaultConfigurationIsVisible = 0;
			defaultConfigurationName = Release;
		};
/* End XCConfigurationList section */
	};
	rootObject = 8E9382292A63B88C0043600A /* Project object */;
}
